// !$*UTF8*$!
{
	archiveVersion = 1;
	classes = {
	};
	objectVersion = 46;
	objects = {

/* Begin PBXBuildFile section */
		EB029D3E1A1CF7D300370462 /* imagenesProductos in Resources */ = {isa = PBXBuildFile; fileRef = EB029D3B1A1CF7D300370462 /* imagenesProductos */; };
		EB029D3F1A1CF7D300370462 /* imagenesSecciones in Resources */ = {isa = PBXBuildFile; fileRef = EB029D3C1A1CF7D300370462 /* imagenesSecciones */; };
		EB029D741A1CF81400370462 /* Categoría_Baño-02.png in Resources */ = {isa = PBXBuildFile; fileRef = EB029D411A1CF81400370462 /* Categoría_Baño-02.png */; };
		EB029D751A1CF81400370462 /* Categoría_Higiene personal-02.png in Resources */ = {isa = PBXBuildFile; fileRef = EB029D421A1CF81400370462 /* Categoría_Higiene personal-02.png */; };
		EB029D761A1CF81400370462 /* aromatizante-01.jpg in Resources */ = {isa = PBXBuildFile; fileRef = EB029D451A1CF81400370462 /* aromatizante-01.jpg */; };
		EB029D771A1CF81400370462 /* limpiador-01.jpg in Resources */ = {isa = PBXBuildFile; fileRef = EB029D461A1CF81400370462 /* limpiador-01.jpg */; };
		EB029D781A1CF81400370462 /* pañuelos-01.jpg in Resources */ = {isa = PBXBuildFile; fileRef = EB029D471A1CF81400370462 /* pañuelos-01.jpg */; };
		EB029D791A1CF81400370462 /* aceite-01.jpg in Resources */ = {isa = PBXBuildFile; fileRef = EB029D491A1CF81400370462 /* aceite-01.jpg */; };
		EB029D7A1A1CF81400370462 /* aderezos-01.jpg in Resources */ = {isa = PBXBuildFile; fileRef = EB029D4A1A1CF81400370462 /* aderezos-01.jpg */; };
		EB029D7B1A1CF81400370462 /* agua-01.jpg in Resources */ = {isa = PBXBuildFile; fileRef = EB029D4B1A1CF81400370462 /* agua-01.jpg */; };
		EB029D7C1A1CF81400370462 /* Aguacate.png in Resources */ = {isa = PBXBuildFile; fileRef = EB029D4C1A1CF81400370462 /* Aguacate.png */; };
		EB029D7D1A1CF81400370462 /* Ajo.png in Resources */ = {isa = PBXBuildFile; fileRef = EB029D4D1A1CF81400370462 /* Ajo.png */; };
		EB029D7E1A1CF81400370462 /* Apio.png in Resources */ = {isa = PBXBuildFile; fileRef = EB029D4E1A1CF81400370462 /* Apio.png */; };
		EB029D7F1A1CF81400370462 /* arroz-01.jpg in Resources */ = {isa = PBXBuildFile; fileRef = EB029D4F1A1CF81400370462 /* arroz-01.jpg */; };
		EB029D801A1CF81400370462 /* azucar-01.jpg in Resources */ = {isa = PBXBuildFile; fileRef = EB029D501A1CF81400370462 /* azucar-01.jpg */; };
		EB029D811A1CF81400370462 /* catsup-01.jpg in Resources */ = {isa = PBXBuildFile; fileRef = EB029D511A1CF81400370462 /* catsup-01.jpg */; };
		EB029D821A1CF81400370462 /* cereal-01.jpg in Resources */ = {isa = PBXBuildFile; fileRef = EB029D521A1CF81400370462 /* cereal-01.jpg */; };
		EB029D831A1CF81400370462 /* dulces-01.jpg in Resources */ = {isa = PBXBuildFile; fileRef = EB029D531A1CF81400370462 /* dulces-01.jpg */; };
		EB029D841A1CF81400370462 /* fresa-01.jpg in Resources */ = {isa = PBXBuildFile; fileRef = EB029D541A1CF81400370462 /* fresa-01.jpg */; };
		EB029D851A1CF81400370462 /* frijoles-01.jpg in Resources */ = {isa = PBXBuildFile; fileRef = EB029D551A1CF81400370462 /* frijoles-01.jpg */; };
		EB029D861A1CF81400370462 /* galletas-01.jpg in Resources */ = {isa = PBXBuildFile; fileRef = EB029D561A1CF81400370462 /* galletas-01.jpg */; };
		EB029D871A1CF81400370462 /* harina-01.jpg in Resources */ = {isa = PBXBuildFile; fileRef = EB029D571A1CF81400370462 /* harina-01.jpg */; };
		EB029D881A1CF81400370462 /* jamon-01.jpg in Resources */ = {isa = PBXBuildFile; fileRef = EB029D581A1CF81400370462 /* jamon-01.jpg */; };
		EB029D891A1CF81400370462 /* jitomate-01.jpg in Resources */ = {isa = PBXBuildFile; fileRef = EB029D591A1CF81400370462 /* jitomate-01.jpg */; };
		EB029D8A1A1CF81400370462 /* jugo-01.jpg in Resources */ = {isa = PBXBuildFile; fileRef = EB029D5A1A1CF81400370462 /* jugo-01.jpg */; };
		EB029D8B1A1CF81400370462 /* Limon.png in Resources */ = {isa = PBXBuildFile; fileRef = EB029D5B1A1CF81400370462 /* Limon.png */; };
		EB029D8C1A1CF81400370462 /* Mandarina.png in Resources */ = {isa = PBXBuildFile; fileRef = EB029D5C1A1CF81400370462 /* Mandarina.png */; };
		EB029D8D1A1CF81400370462 /* mantequilla-01.jpg in Resources */ = {isa = PBXBuildFile; fileRef = EB029D5D1A1CF81400370462 /* mantequilla-01.jpg */; };
		EB029D8E1A1CF81400370462 /* manzana-01.jpg in Resources */ = {isa = PBXBuildFile; fileRef = EB029D5E1A1CF81400370462 /* manzana-01.jpg */; };
		EB029D8F1A1CF81400370462 /* mayonesa-01.jpg in Resources */ = {isa = PBXBuildFile; fileRef = EB029D5F1A1CF81400370462 /* mayonesa-01.jpg */; };
		EB029D901A1CF81400370462 /* miel-01.jpg in Resources */ = {isa = PBXBuildFile; fileRef = EB029D601A1CF81400370462 /* miel-01.jpg */; };
		EB029D911A1CF81400370462 /* mostaza-01.jpg in Resources */ = {isa = PBXBuildFile; fileRef = EB029D611A1CF81400370462 /* mostaza-01.jpg */; };
		EB029D921A1CF81400370462 /* pan-01.jpg in Resources */ = {isa = PBXBuildFile; fileRef = EB029D621A1CF81400370462 /* pan-01.jpg */; };
		EB029D931A1CF81400370462 /* Pera.png in Resources */ = {isa = PBXBuildFile; fileRef = EB029D631A1CF81400370462 /* Pera.png */; };
		EB029D941A1CF81400370462 /* platano-01.jpg in Resources */ = {isa = PBXBuildFile; fileRef = EB029D641A1CF81400370462 /* platano-01.jpg */; };
		EB029D951A1CF81400370462 /* pollo-01.jpg in Resources */ = {isa = PBXBuildFile; fileRef = EB029D651A1CF81400370462 /* pollo-01.jpg */; };
		EB029D961A1CF81400370462 /* Sal-01.jpg in Resources */ = {isa = PBXBuildFile; fileRef = EB029D661A1CF81400370462 /* Sal-01.jpg */; };
		EB029D971A1CF81400370462 /* salsa-01.jpg in Resources */ = {isa = PBXBuildFile; fileRef = EB029D671A1CF81400370462 /* salsa-01.jpg */; };
		EB029D981A1CF81400370462 /* semillas-01.jpg in Resources */ = {isa = PBXBuildFile; fileRef = EB029D681A1CF81400370462 /* semillas-01.jpg */; };
		EB029D991A1CF81400370462 /* servilletas-01.jpg in Resources */ = {isa = PBXBuildFile; fileRef = EB029D691A1CF81400370462 /* servilletas-01.jpg */; };
		EB029D9A1A1CF81400370462 /* te-01.jpg in Resources */ = {isa = PBXBuildFile; fileRef = EB029D6A1A1CF81400370462 /* te-01.jpg */; };
		EB029D9B1A1CF81400370462 /* Toronja.png in Resources */ = {isa = PBXBuildFile; fileRef = EB029D6B1A1CF81400370462 /* Toronja.png */; };
		EB029D9C1A1CF81400370462 /* tortillas-01.jpg in Resources */ = {isa = PBXBuildFile; fileRef = EB029D6C1A1CF81400370462 /* tortillas-01.jpg */; };
		EB029D9D1A1CF81400370462 /* yogurt-01.jpg in Resources */ = {isa = PBXBuildFile; fileRef = EB029D6D1A1CF81400370462 /* yogurt-01.jpg */; };
		EB029D9E1A1CF81400370462 /* zanahoria-01.jpg in Resources */ = {isa = PBXBuildFile; fileRef = EB029D6E1A1CF81400370462 /* zanahoria-01.jpg */; };
		EB029D9F1A1CF81400370462 /* Desmaquillante.png in Resources */ = {isa = PBXBuildFile; fileRef = EB029D701A1CF81400370462 /* Desmaquillante.png */; };
		EB029DA01A1CF81400370462 /* Deportes.png in Resources */ = {isa = PBXBuildFile; fileRef = EB029D721A1CF81400370462 /* Deportes.png */; };
		EB029DA11A1CF81400370462 /* Negocio.png in Resources */ = {isa = PBXBuildFile; fileRef = EB029D731A1CF81400370462 /* Negocio.png */; };
		EB029DA81A1CF88000370462 /* imagenesCategorias in Resources */ = {isa = PBXBuildFile; fileRef = EB029DA71A1CF88000370462 /* imagenesCategorias */; };
		EB0CBC551A0C10C70037F86A /* ProductosTableViewController.m in Sources */ = {isa = PBXBuildFile; fileRef = EB0CBC541A0C10C70037F86A /* ProductosTableViewController.m */; };
		EB400E841A0B0B91003F5C7D /* main.m in Sources */ = {isa = PBXBuildFile; fileRef = EB400E831A0B0B91003F5C7D /* main.m */; };
		EB400E871A0B0B91003F5C7D /* AppDelegate.m in Sources */ = {isa = PBXBuildFile; fileRef = EB400E861A0B0B91003F5C7D /* AppDelegate.m */; };
		EB400E8A1A0B0B91003F5C7D /* AppNegocios.xcdatamodeld in Sources */ = {isa = PBXBuildFile; fileRef = EB400E881A0B0B91003F5C7D /* AppNegocios.xcdatamodeld */; };
		EB400E901A0B0B91003F5C7D /* Main.storyboard in Resources */ = {isa = PBXBuildFile; fileRef = EB400E8E1A0B0B91003F5C7D /* Main.storyboard */; };
		EB400E921A0B0B91003F5C7D /* Images.xcassets in Resources */ = {isa = PBXBuildFile; fileRef = EB400E911A0B0B91003F5C7D /* Images.xcassets */; };
		EB400E951A0B0B91003F5C7D /* LaunchScreen.xib in Resources */ = {isa = PBXBuildFile; fileRef = EB400E931A0B0B91003F5C7D /* LaunchScreen.xib */; };
		EB400EA11A0B0B91003F5C7D /* AppNegociosTests.m in Sources */ = {isa = PBXBuildFile; fileRef = EB400EA01A0B0B91003F5C7D /* AppNegociosTests.m */; };
		EB400EB51A0B12B1003F5C7D /* UsuariosTableViewController.m in Sources */ = {isa = PBXBuildFile; fileRef = EB400EB41A0B12B1003F5C7D /* UsuariosTableViewController.m */; };
		EB400EB81A0B1959003F5C7D /* CreateUserViewController.m in Sources */ = {isa = PBXBuildFile; fileRef = EB400EB71A0B1959003F5C7D /* CreateUserViewController.m */; };
		EB400EBB1A0B29EB003F5C7D /* CategoriesTableViewController.m in Sources */ = {isa = PBXBuildFile; fileRef = EB400EBA1A0B29EB003F5C7D /* CategoriesTableViewController.m */; };
		EB400EBE1A0B3182003F5C7D /* AddCategoriesTableViewController.m in Sources */ = {isa = PBXBuildFile; fileRef = EB400EBD1A0B3182003F5C7D /* AddCategoriesTableViewController.m */; };
		EB400EC11A0B34DD003F5C7D /* CrearCategoriaViewController.m in Sources */ = {isa = PBXBuildFile; fileRef = EB400EC01A0B34DD003F5C7D /* CrearCategoriaViewController.m */; };
		EB7DEE0E1A0BE1A6000EDF4E /* CreateProductViewController.m in Sources */ = {isa = PBXBuildFile; fileRef = EB7DEE0D1A0BE1A6000EDF4E /* CreateProductViewController.m */; };
		EB7DEE141A0BE34B000EDF4E /* AddProductTableViewController.m in Sources */ = {isa = PBXBuildFile; fileRef = EB7DEE131A0BE34B000EDF4E /* AddProductTableViewController.m */; };
		EB8F1BD41A145410008DACB7 /* ImagePickerCollectionViewController.m in Sources */ = {isa = PBXBuildFile; fileRef = EB8F1BD31A145410008DACB7 /* ImagePickerCollectionViewController.m */; };
		EB8F1BD81A145473008DACB7 /* ImageCollectionViewCell.m in Sources */ = {isa = PBXBuildFile; fileRef = EB8F1BD71A145473008DACB7 /* ImageCollectionViewCell.m */; };
		EB8F1BDB1A145F2B008DACB7 /* Usuario.m in Sources */ = {isa = PBXBuildFile; fileRef = EB8F1BDA1A145F2B008DACB7 /* Usuario.m */; };
		EB8F1BDE1A145F2B008DACB7 /* Categoria.m in Sources */ = {isa = PBXBuildFile; fileRef = EB8F1BDD1A145F2B008DACB7 /* Categoria.m */; };
		EB8F1BE11A145F2B008DACB7 /* Producto.m in Sources */ = {isa = PBXBuildFile; fileRef = EB8F1BE01A145F2B008DACB7 /* Producto.m */; };
		EBC61E811A156264007E683F /* cubiertos_fondo.png in Resources */ = {isa = PBXBuildFile; fileRef = EBC61E801A156264007E683F /* cubiertos_fondo.png */; };
		EBC61E971A156C5C007E683F /* header_cocina.png in Resources */ = {isa = PBXBuildFile; fileRef = EBC61E961A156C5C007E683F /* header_cocina.png */; };
		EBC7DD491A153F0E00150A23 /* stuff_DOS-01.png in Resources */ = {isa = PBXBuildFile; fileRef = EBC7DD481A153F0E00150A23 /* stuff_DOS-01.png */; };
		EBC7DD4B1A15438F00150A23 /* cuadro.png in Resources */ = {isa = PBXBuildFile; fileRef = EBC7DD4A1A15438F00150A23 /* cuadro.png */; };
		EBC7DD4D1A1543FC00150A23 /* florecitas.png in Resources */ = {isa = PBXBuildFile; fileRef = EBC7DD4C1A1543FC00150A23 /* florecitas.png */; };
		EBCA1F571A0D7E3A00AFBE0B /* UsuariosCollectionViewController.m in Sources */ = {isa = PBXBuildFile; fileRef = EBCA1F561A0D7E3A00AFBE0B /* UsuariosCollectionViewController.m */; };
		EBCA1F5A1A0D818D00AFBE0B /* UsuariosCollectionViewCell.m in Sources */ = {isa = PBXBuildFile; fileRef = EBCA1F591A0D818D00AFBE0B /* UsuariosCollectionViewCell.m */; };
		EBCA1F621A0D913500AFBE0B /* CategoriasCollectionViewController.m in Sources */ = {isa = PBXBuildFile; fileRef = EBCA1F611A0D913500AFBE0B /* CategoriasCollectionViewController.m */; };
		EBCA1F691A0D9B3200AFBE0B /* ProductosCollectionViewController.m in Sources */ = {isa = PBXBuildFile; fileRef = EBCA1F681A0D9B3200AFBE0B /* ProductosCollectionViewController.m */; };
		EBD1089E1A1289A800B37F0F /* ConsultarListaUsuarioCollectionViewController.m in Sources */ = {isa = PBXBuildFile; fileRef = EBD1089D1A1289A800B37F0F /* ConsultarListaUsuarioCollectionViewController.m */; };
		EBD108A31A128FEC00B37F0F /* HeaderViewCollectionReusableView.m in Sources */ = {isa = PBXBuildFile; fileRef = EBD108A21A128FEC00B37F0F /* HeaderViewCollectionReusableView.m */; };
		EBD3CE401A1550A2006E9849 /* casita_fondo.png in Resources */ = {isa = PBXBuildFile; fileRef = EBD3CE3F1A1550A2006E9849 /* casita_fondo.png */; };
/* End PBXBuildFile section */

/* Begin PBXContainerItemProxy section */
		EB400E9B1A0B0B91003F5C7D /* PBXContainerItemProxy */ = {
			isa = PBXContainerItemProxy;
			containerPortal = EB400E761A0B0B91003F5C7D /* Project object */;
			proxyType = 1;
			remoteGlobalIDString = EB400E7D1A0B0B91003F5C7D;
			remoteInfo = AppNegocios;
		};
/* End PBXContainerItemProxy section */

/* Begin PBXFileReference section */
		EB029D3B1A1CF7D300370462 /* imagenesProductos */ = {isa = PBXFileReference; lastKnownFileType = folder; path = imagenesProductos; sourceTree = "<group>"; };
		EB029D3C1A1CF7D300370462 /* imagenesSecciones */ = {isa = PBXFileReference; lastKnownFileType = folder; path = imagenesSecciones; sourceTree = "<group>"; };
		EB029D411A1CF81400370462 /* Categoría_Baño-02.png */ = {isa = PBXFileReference; lastKnownFileType = image.png; path = "Categoría_Baño-02.png"; sourceTree = "<group>"; };
		EB029D421A1CF81400370462 /* Categoría_Higiene personal-02.png */ = {isa = PBXFileReference; lastKnownFileType = image.png; path = "Categoría_Higiene personal-02.png"; sourceTree = "<group>"; };
		EB029D451A1CF81400370462 /* aromatizante-01.jpg */ = {isa = PBXFileReference; lastKnownFileType = image.jpeg; path = "aromatizante-01.jpg"; sourceTree = "<group>"; };
		EB029D461A1CF81400370462 /* limpiador-01.jpg */ = {isa = PBXFileReference; lastKnownFileType = image.jpeg; path = "limpiador-01.jpg"; sourceTree = "<group>"; };
		EB029D471A1CF81400370462 /* pañuelos-01.jpg */ = {isa = PBXFileReference; lastKnownFileType = image.jpeg; path = "pañuelos-01.jpg"; sourceTree = "<group>"; };
		EB029D491A1CF81400370462 /* aceite-01.jpg */ = {isa = PBXFileReference; lastKnownFileType = image.jpeg; path = "aceite-01.jpg"; sourceTree = "<group>"; };
		EB029D4A1A1CF81400370462 /* aderezos-01.jpg */ = {isa = PBXFileReference; lastKnownFileType = image.jpeg; path = "aderezos-01.jpg"; sourceTree = "<group>"; };
		EB029D4B1A1CF81400370462 /* agua-01.jpg */ = {isa = PBXFileReference; lastKnownFileType = image.jpeg; path = "agua-01.jpg"; sourceTree = "<group>"; };
		EB029D4C1A1CF81400370462 /* Aguacate.png */ = {isa = PBXFileReference; lastKnownFileType = image.png; path = Aguacate.png; sourceTree = "<group>"; };
		EB029D4D1A1CF81400370462 /* Ajo.png */ = {isa = PBXFileReference; lastKnownFileType = image.png; path = Ajo.png; sourceTree = "<group>"; };
		EB029D4E1A1CF81400370462 /* Apio.png */ = {isa = PBXFileReference; lastKnownFileType = image.png; path = Apio.png; sourceTree = "<group>"; };
		EB029D4F1A1CF81400370462 /* arroz-01.jpg */ = {isa = PBXFileReference; lastKnownFileType = image.jpeg; path = "arroz-01.jpg"; sourceTree = "<group>"; };
		EB029D501A1CF81400370462 /* azucar-01.jpg */ = {isa = PBXFileReference; lastKnownFileType = image.jpeg; path = "azucar-01.jpg"; sourceTree = "<group>"; };
		EB029D511A1CF81400370462 /* catsup-01.jpg */ = {isa = PBXFileReference; lastKnownFileType = image.jpeg; path = "catsup-01.jpg"; sourceTree = "<group>"; };
		EB029D521A1CF81400370462 /* cereal-01.jpg */ = {isa = PBXFileReference; lastKnownFileType = image.jpeg; path = "cereal-01.jpg"; sourceTree = "<group>"; };
		EB029D531A1CF81400370462 /* dulces-01.jpg */ = {isa = PBXFileReference; lastKnownFileType = image.jpeg; path = "dulces-01.jpg"; sourceTree = "<group>"; };
		EB029D541A1CF81400370462 /* fresa-01.jpg */ = {isa = PBXFileReference; lastKnownFileType = image.jpeg; path = "fresa-01.jpg"; sourceTree = "<group>"; };
		EB029D551A1CF81400370462 /* frijoles-01.jpg */ = {isa = PBXFileReference; lastKnownFileType = image.jpeg; path = "frijoles-01.jpg"; sourceTree = "<group>"; };
		EB029D561A1CF81400370462 /* galletas-01.jpg */ = {isa = PBXFileReference; lastKnownFileType = image.jpeg; path = "galletas-01.jpg"; sourceTree = "<group>"; };
		EB029D571A1CF81400370462 /* harina-01.jpg */ = {isa = PBXFileReference; lastKnownFileType = image.jpeg; path = "harina-01.jpg"; sourceTree = "<group>"; };
		EB029D581A1CF81400370462 /* jamon-01.jpg */ = {isa = PBXFileReference; lastKnownFileType = image.jpeg; path = "jamon-01.jpg"; sourceTree = "<group>"; };
		EB029D591A1CF81400370462 /* jitomate-01.jpg */ = {isa = PBXFileReference; lastKnownFileType = image.jpeg; path = "jitomate-01.jpg"; sourceTree = "<group>"; };
		EB029D5A1A1CF81400370462 /* jugo-01.jpg */ = {isa = PBXFileReference; lastKnownFileType = image.jpeg; path = "jugo-01.jpg"; sourceTree = "<group>"; };
		EB029D5B1A1CF81400370462 /* Limon.png */ = {isa = PBXFileReference; lastKnownFileType = image.png; path = Limon.png; sourceTree = "<group>"; };
		EB029D5C1A1CF81400370462 /* Mandarina.png */ = {isa = PBXFileReference; lastKnownFileType = image.png; path = Mandarina.png; sourceTree = "<group>"; };
		EB029D5D1A1CF81400370462 /* mantequilla-01.jpg */ = {isa = PBXFileReference; lastKnownFileType = image.jpeg; path = "mantequilla-01.jpg"; sourceTree = "<group>"; };
		EB029D5E1A1CF81400370462 /* manzana-01.jpg */ = {isa = PBXFileReference; lastKnownFileType = image.jpeg; path = "manzana-01.jpg"; sourceTree = "<group>"; };
		EB029D5F1A1CF81400370462 /* mayonesa-01.jpg */ = {isa = PBXFileReference; lastKnownFileType = image.jpeg; path = "mayonesa-01.jpg"; sourceTree = "<group>"; };
		EB029D601A1CF81400370462 /* miel-01.jpg */ = {isa = PBXFileReference; lastKnownFileType = image.jpeg; path = "miel-01.jpg"; sourceTree = "<group>"; };
		EB029D611A1CF81400370462 /* mostaza-01.jpg */ = {isa = PBXFileReference; lastKnownFileType = image.jpeg; path = "mostaza-01.jpg"; sourceTree = "<group>"; };
		EB029D621A1CF81400370462 /* pan-01.jpg */ = {isa = PBXFileReference; lastKnownFileType = image.jpeg; path = "pan-01.jpg"; sourceTree = "<group>"; };
		EB029D631A1CF81400370462 /* Pera.png */ = {isa = PBXFileReference; lastKnownFileType = image.png; path = Pera.png; sourceTree = "<group>"; };
		EB029D641A1CF81400370462 /* platano-01.jpg */ = {isa = PBXFileReference; lastKnownFileType = image.jpeg; path = "platano-01.jpg"; sourceTree = "<group>"; };
		EB029D651A1CF81400370462 /* pollo-01.jpg */ = {isa = PBXFileReference; lastKnownFileType = image.jpeg; path = "pollo-01.jpg"; sourceTree = "<group>"; };
		EB029D661A1CF81400370462 /* Sal-01.jpg */ = {isa = PBXFileReference; lastKnownFileType = image.jpeg; path = "Sal-01.jpg"; sourceTree = "<group>"; };
		EB029D671A1CF81400370462 /* salsa-01.jpg */ = {isa = PBXFileReference; lastKnownFileType = image.jpeg; path = "salsa-01.jpg"; sourceTree = "<group>"; };
		EB029D681A1CF81400370462 /* semillas-01.jpg */ = {isa = PBXFileReference; lastKnownFileType = image.jpeg; path = "semillas-01.jpg"; sourceTree = "<group>"; };
		EB029D691A1CF81400370462 /* servilletas-01.jpg */ = {isa = PBXFileReference; lastKnownFileType = image.jpeg; path = "servilletas-01.jpg"; sourceTree = "<group>"; };
		EB029D6A1A1CF81400370462 /* te-01.jpg */ = {isa = PBXFileReference; lastKnownFileType = image.jpeg; path = "te-01.jpg"; sourceTree = "<group>"; };
		EB029D6B1A1CF81400370462 /* Toronja.png */ = {isa = PBXFileReference; lastKnownFileType = image.png; path = Toronja.png; sourceTree = "<group>"; };
		EB029D6C1A1CF81400370462 /* tortillas-01.jpg */ = {isa = PBXFileReference; lastKnownFileType = image.jpeg; path = "tortillas-01.jpg"; sourceTree = "<group>"; };
		EB029D6D1A1CF81400370462 /* yogurt-01.jpg */ = {isa = PBXFileReference; lastKnownFileType = image.jpeg; path = "yogurt-01.jpg"; sourceTree = "<group>"; };
		EB029D6E1A1CF81400370462 /* zanahoria-01.jpg */ = {isa = PBXFileReference; lastKnownFileType = image.jpeg; path = "zanahoria-01.jpg"; sourceTree = "<group>"; };
		EB029D701A1CF81400370462 /* Desmaquillante.png */ = {isa = PBXFileReference; lastKnownFileType = image.png; path = Desmaquillante.png; sourceTree = "<group>"; };
		EB029D721A1CF81400370462 /* Deportes.png */ = {isa = PBXFileReference; lastKnownFileType = image.png; path = Deportes.png; sourceTree = "<group>"; };
		EB029D731A1CF81400370462 /* Negocio.png */ = {isa = PBXFileReference; lastKnownFileType = image.png; path = Negocio.png; sourceTree = "<group>"; };
		EB029DA71A1CF88000370462 /* imagenesCategorias */ = {isa = PBXFileReference; lastKnownFileType = folder; path = imagenesCategorias; sourceTree = "<group>"; };
		EB0CBC531A0C10C70037F86A /* ProductosTableViewController.h */ = {isa = PBXFileReference; fileEncoding = 4; lastKnownFileType = sourcecode.c.h; path = ProductosTableViewController.h; sourceTree = "<group>"; };
		EB0CBC541A0C10C70037F86A /* ProductosTableViewController.m */ = {isa = PBXFileReference; fileEncoding = 4; lastKnownFileType = sourcecode.c.objc; path = ProductosTableViewController.m; sourceTree = "<group>"; };
		EB400E7E1A0B0B91003F5C7D /* AppNegocios.app */ = {isa = PBXFileReference; explicitFileType = wrapper.application; includeInIndex = 0; path = AppNegocios.app; sourceTree = BUILT_PRODUCTS_DIR; };
		EB400E821A0B0B91003F5C7D /* Info.plist */ = {isa = PBXFileReference; lastKnownFileType = text.plist.xml; path = Info.plist; sourceTree = "<group>"; };
		EB400E831A0B0B91003F5C7D /* main.m */ = {isa = PBXFileReference; lastKnownFileType = sourcecode.c.objc; path = main.m; sourceTree = "<group>"; };
		EB400E851A0B0B91003F5C7D /* AppDelegate.h */ = {isa = PBXFileReference; lastKnownFileType = sourcecode.c.h; path = AppDelegate.h; sourceTree = "<group>"; };
		EB400E861A0B0B91003F5C7D /* AppDelegate.m */ = {isa = PBXFileReference; lastKnownFileType = sourcecode.c.objc; path = AppDelegate.m; sourceTree = "<group>"; };
		EB400E891A0B0B91003F5C7D /* AppNegocios.xcdatamodel */ = {isa = PBXFileReference; lastKnownFileType = wrapper.xcdatamodel; path = AppNegocios.xcdatamodel; sourceTree = "<group>"; };
		EB400E8F1A0B0B91003F5C7D /* Base */ = {isa = PBXFileReference; lastKnownFileType = file.storyboard; name = Base; path = Base.lproj/Main.storyboard; sourceTree = "<group>"; };
		EB400E911A0B0B91003F5C7D /* Images.xcassets */ = {isa = PBXFileReference; lastKnownFileType = folder.assetcatalog; path = Images.xcassets; sourceTree = "<group>"; };
		EB400E941A0B0B91003F5C7D /* Base */ = {isa = PBXFileReference; lastKnownFileType = file.xib; name = Base; path = Base.lproj/LaunchScreen.xib; sourceTree = "<group>"; };
		EB400E9A1A0B0B91003F5C7D /* AppNegociosTests.xctest */ = {isa = PBXFileReference; explicitFileType = wrapper.cfbundle; includeInIndex = 0; path = AppNegociosTests.xctest; sourceTree = BUILT_PRODUCTS_DIR; };
		EB400E9F1A0B0B91003F5C7D /* Info.plist */ = {isa = PBXFileReference; lastKnownFileType = text.plist.xml; path = Info.plist; sourceTree = "<group>"; };
		EB400EA01A0B0B91003F5C7D /* AppNegociosTests.m */ = {isa = PBXFileReference; lastKnownFileType = sourcecode.c.objc; path = AppNegociosTests.m; sourceTree = "<group>"; };
		EB400EB31A0B12B1003F5C7D /* UsuariosTableViewController.h */ = {isa = PBXFileReference; fileEncoding = 4; lastKnownFileType = sourcecode.c.h; path = UsuariosTableViewController.h; sourceTree = "<group>"; };
		EB400EB41A0B12B1003F5C7D /* UsuariosTableViewController.m */ = {isa = PBXFileReference; fileEncoding = 4; lastKnownFileType = sourcecode.c.objc; path = UsuariosTableViewController.m; sourceTree = "<group>"; };
		EB400EB61A0B1959003F5C7D /* CreateUserViewController.h */ = {isa = PBXFileReference; fileEncoding = 4; lastKnownFileType = sourcecode.c.h; path = CreateUserViewController.h; sourceTree = "<group>"; };
		EB400EB71A0B1959003F5C7D /* CreateUserViewController.m */ = {isa = PBXFileReference; fileEncoding = 4; lastKnownFileType = sourcecode.c.objc; path = CreateUserViewController.m; sourceTree = "<group>"; };
		EB400EB91A0B29EB003F5C7D /* CategoriesTableViewController.h */ = {isa = PBXFileReference; fileEncoding = 4; lastKnownFileType = sourcecode.c.h; path = CategoriesTableViewController.h; sourceTree = "<group>"; };
		EB400EBA1A0B29EB003F5C7D /* CategoriesTableViewController.m */ = {isa = PBXFileReference; fileEncoding = 4; lastKnownFileType = sourcecode.c.objc; path = CategoriesTableViewController.m; sourceTree = "<group>"; };
		EB400EBC1A0B3182003F5C7D /* AddCategoriesTableViewController.h */ = {isa = PBXFileReference; fileEncoding = 4; lastKnownFileType = sourcecode.c.h; path = AddCategoriesTableViewController.h; sourceTree = "<group>"; };
		EB400EBD1A0B3182003F5C7D /* AddCategoriesTableViewController.m */ = {isa = PBXFileReference; fileEncoding = 4; lastKnownFileType = sourcecode.c.objc; path = AddCategoriesTableViewController.m; sourceTree = "<group>"; };
		EB400EBF1A0B34DD003F5C7D /* CrearCategoriaViewController.h */ = {isa = PBXFileReference; fileEncoding = 4; lastKnownFileType = sourcecode.c.h; path = CrearCategoriaViewController.h; sourceTree = "<group>"; };
		EB400EC01A0B34DD003F5C7D /* CrearCategoriaViewController.m */ = {isa = PBXFileReference; fileEncoding = 4; lastKnownFileType = sourcecode.c.objc; path = CrearCategoriaViewController.m; sourceTree = "<group>"; };
		EB7DEE0C1A0BE1A6000EDF4E /* CreateProductViewController.h */ = {isa = PBXFileReference; fileEncoding = 4; lastKnownFileType = sourcecode.c.h; path = CreateProductViewController.h; sourceTree = "<group>"; };
		EB7DEE0D1A0BE1A6000EDF4E /* CreateProductViewController.m */ = {isa = PBXFileReference; fileEncoding = 4; lastKnownFileType = sourcecode.c.objc; path = CreateProductViewController.m; sourceTree = "<group>"; };
		EB7DEE121A0BE34B000EDF4E /* AddProductTableViewController.h */ = {isa = PBXFileReference; fileEncoding = 4; lastKnownFileType = sourcecode.c.h; path = AddProductTableViewController.h; sourceTree = "<group>"; };
		EB7DEE131A0BE34B000EDF4E /* AddProductTableViewController.m */ = {isa = PBXFileReference; fileEncoding = 4; lastKnownFileType = sourcecode.c.objc; path = AddProductTableViewController.m; sourceTree = "<group>"; };
		EB8F1BD11A1452C5008DACB7 /* AppNegocios 3.xcdatamodel */ = {isa = PBXFileReference; lastKnownFileType = wrapper.xcdatamodel; path = "AppNegocios 3.xcdatamodel"; sourceTree = "<group>"; };
		EB8F1BD21A145410008DACB7 /* ImagePickerCollectionViewController.h */ = {isa = PBXFileReference; fileEncoding = 4; lastKnownFileType = sourcecode.c.h; path = ImagePickerCollectionViewController.h; sourceTree = "<group>"; };
		EB8F1BD31A145410008DACB7 /* ImagePickerCollectionViewController.m */ = {isa = PBXFileReference; fileEncoding = 4; lastKnownFileType = sourcecode.c.objc; path = ImagePickerCollectionViewController.m; sourceTree = "<group>"; };
		EB8F1BD61A145473008DACB7 /* ImageCollectionViewCell.h */ = {isa = PBXFileReference; fileEncoding = 4; lastKnownFileType = sourcecode.c.h; path = ImageCollectionViewCell.h; sourceTree = "<group>"; };
		EB8F1BD71A145473008DACB7 /* ImageCollectionViewCell.m */ = {isa = PBXFileReference; fileEncoding = 4; lastKnownFileType = sourcecode.c.objc; path = ImageCollectionViewCell.m; sourceTree = "<group>"; };
		EB8F1BD91A145F2B008DACB7 /* Usuario.h */ = {isa = PBXFileReference; fileEncoding = 4; lastKnownFileType = sourcecode.c.h; path = Usuario.h; sourceTree = "<group>"; };
		EB8F1BDA1A145F2B008DACB7 /* Usuario.m */ = {isa = PBXFileReference; fileEncoding = 4; lastKnownFileType = sourcecode.c.objc; path = Usuario.m; sourceTree = "<group>"; };
		EB8F1BDC1A145F2B008DACB7 /* Categoria.h */ = {isa = PBXFileReference; fileEncoding = 4; lastKnownFileType = sourcecode.c.h; path = Categoria.h; sourceTree = "<group>"; };
		EB8F1BDD1A145F2B008DACB7 /* Categoria.m */ = {isa = PBXFileReference; fileEncoding = 4; lastKnownFileType = sourcecode.c.objc; path = Categoria.m; sourceTree = "<group>"; };
		EB8F1BDF1A145F2B008DACB7 /* Producto.h */ = {isa = PBXFileReference; fileEncoding = 4; lastKnownFileType = sourcecode.c.h; path = Producto.h; sourceTree = "<group>"; };
		EB8F1BE01A145F2B008DACB7 /* Producto.m */ = {isa = PBXFileReference; fileEncoding = 4; lastKnownFileType = sourcecode.c.objc; path = Producto.m; sourceTree = "<group>"; };
		EBB25C0E1A0DC9E2003B62E1 /* AppNegocios 2.xcdatamodel */ = {isa = PBXFileReference; lastKnownFileType = wrapper.xcdatamodel; path = "AppNegocios 2.xcdatamodel"; sourceTree = "<group>"; };
		EBC61E801A156264007E683F /* cubiertos_fondo.png */ = {isa = PBXFileReference; lastKnownFileType = image.png; path = cubiertos_fondo.png; sourceTree = "<group>"; };
		EBC61E961A156C5C007E683F /* header_cocina.png */ = {isa = PBXFileReference; lastKnownFileType = image.png; path = header_cocina.png; sourceTree = "<group>"; };
		EBC7DD481A153F0E00150A23 /* stuff_DOS-01.png */ = {isa = PBXFileReference; lastKnownFileType = image.png; path = "stuff_DOS-01.png"; sourceTree = "<group>"; };
		EBC7DD4A1A15438F00150A23 /* cuadro.png */ = {isa = PBXFileReference; lastKnownFileType = image.png; path = cuadro.png; sourceTree = "<group>"; };
		EBC7DD4C1A1543FC00150A23 /* florecitas.png */ = {isa = PBXFileReference; lastKnownFileType = image.png; path = florecitas.png; sourceTree = "<group>"; };
		EBCA1F551A0D7E3A00AFBE0B /* UsuariosCollectionViewController.h */ = {isa = PBXFileReference; fileEncoding = 4; lastKnownFileType = sourcecode.c.h; path = UsuariosCollectionViewController.h; sourceTree = "<group>"; };
		EBCA1F561A0D7E3A00AFBE0B /* UsuariosCollectionViewController.m */ = {isa = PBXFileReference; fileEncoding = 4; lastKnownFileType = sourcecode.c.objc; path = UsuariosCollectionViewController.m; sourceTree = "<group>"; };
		EBCA1F581A0D818D00AFBE0B /* UsuariosCollectionViewCell.h */ = {isa = PBXFileReference; fileEncoding = 4; lastKnownFileType = sourcecode.c.h; path = UsuariosCollectionViewCell.h; sourceTree = "<group>"; };
		EBCA1F591A0D818D00AFBE0B /* UsuariosCollectionViewCell.m */ = {isa = PBXFileReference; fileEncoding = 4; lastKnownFileType = sourcecode.c.objc; path = UsuariosCollectionViewCell.m; sourceTree = "<group>"; };
		EBCA1F601A0D913500AFBE0B /* CategoriasCollectionViewController.h */ = {isa = PBXFileReference; fileEncoding = 4; lastKnownFileType = sourcecode.c.h; path = CategoriasCollectionViewController.h; sourceTree = "<group>"; };
		EBCA1F611A0D913500AFBE0B /* CategoriasCollectionViewController.m */ = {isa = PBXFileReference; fileEncoding = 4; lastKnownFileType = sourcecode.c.objc; path = CategoriasCollectionViewController.m; sourceTree = "<group>"; };
		EBCA1F671A0D9B3200AFBE0B /* ProductosCollectionViewController.h */ = {isa = PBXFileReference; fileEncoding = 4; lastKnownFileType = sourcecode.c.h; path = ProductosCollectionViewController.h; sourceTree = "<group>"; };
		EBCA1F681A0D9B3200AFBE0B /* ProductosCollectionViewController.m */ = {isa = PBXFileReference; fileEncoding = 4; lastKnownFileType = sourcecode.c.objc; path = ProductosCollectionViewController.m; sourceTree = "<group>"; };
		EBD1089C1A1289A800B37F0F /* ConsultarListaUsuarioCollectionViewController.h */ = {isa = PBXFileReference; fileEncoding = 4; lastKnownFileType = sourcecode.c.h; path = ConsultarListaUsuarioCollectionViewController.h; sourceTree = "<group>"; };
		EBD1089D1A1289A800B37F0F /* ConsultarListaUsuarioCollectionViewController.m */ = {isa = PBXFileReference; fileEncoding = 4; lastKnownFileType = sourcecode.c.objc; path = ConsultarListaUsuarioCollectionViewController.m; sourceTree = "<group>"; };
		EBD108A11A128FEC00B37F0F /* HeaderViewCollectionReusableView.h */ = {isa = PBXFileReference; fileEncoding = 4; lastKnownFileType = sourcecode.c.h; path = HeaderViewCollectionReusableView.h; sourceTree = "<group>"; };
		EBD108A21A128FEC00B37F0F /* HeaderViewCollectionReusableView.m */ = {isa = PBXFileReference; fileEncoding = 4; lastKnownFileType = sourcecode.c.objc; path = HeaderViewCollectionReusableView.m; sourceTree = "<group>"; };
		EBD3CE3F1A1550A2006E9849 /* casita_fondo.png */ = {isa = PBXFileReference; lastKnownFileType = image.png; path = casita_fondo.png; sourceTree = "<group>"; };
/* End PBXFileReference section */

/* Begin PBXFrameworksBuildPhase section */
		EB400E7B1A0B0B91003F5C7D /* Frameworks */ = {
			isa = PBXFrameworksBuildPhase;
			buildActionMask = 2147483647;
			files = (
			);
			runOnlyForDeploymentPostprocessing = 0;
		};
		EB400E971A0B0B91003F5C7D /* Frameworks */ = {
			isa = PBXFrameworksBuildPhase;
			buildActionMask = 2147483647;
			files = (
			);
			runOnlyForDeploymentPostprocessing = 0;
		};
/* End PBXFrameworksBuildPhase section */

/* Begin PBXGroup section */
		EB029D401A1CF81400370462 /* imagenesCategoria */ = {
			isa = PBXGroup;
			children = (
				EB029D411A1CF81400370462 /* Categoría_Baño-02.png */,
				EB029D421A1CF81400370462 /* Categoría_Higiene personal-02.png */,
			);
			path = imagenesCategoria;
			sourceTree = "<group>";
		};
		EB029D431A1CF81400370462 /* imagenesProductos */ = {
			isa = PBXGroup;
			children = (
				EB029D441A1CF81400370462 /* Automovil */,
				EB029D481A1CF81400370462 /* Cocina */,
				EB029D6F1A1CF81400370462 /* Higiene personal */,
			);
			path = imagenesProductos;
			sourceTree = "<group>";
		};
		EB029D441A1CF81400370462 /* Automovil */ = {
			isa = PBXGroup;
			children = (
				EB029D451A1CF81400370462 /* aromatizante-01.jpg */,
				EB029D461A1CF81400370462 /* limpiador-01.jpg */,
				EB029D471A1CF81400370462 /* pañuelos-01.jpg */,
			);
			path = Automovil;
			sourceTree = "<group>";
		};
		EB029D481A1CF81400370462 /* Cocina */ = {
			isa = PBXGroup;
			children = (
				EB029D491A1CF81400370462 /* aceite-01.jpg */,
				EB029D4A1A1CF81400370462 /* aderezos-01.jpg */,
				EB029D4B1A1CF81400370462 /* agua-01.jpg */,
				EB029D4C1A1CF81400370462 /* Aguacate.png */,
				EB029D4D1A1CF81400370462 /* Ajo.png */,
				EB029D4E1A1CF81400370462 /* Apio.png */,
				EB029D4F1A1CF81400370462 /* arroz-01.jpg */,
				EB029D501A1CF81400370462 /* azucar-01.jpg */,
				EB029D511A1CF81400370462 /* catsup-01.jpg */,
				EB029D521A1CF81400370462 /* cereal-01.jpg */,
				EB029D531A1CF81400370462 /* dulces-01.jpg */,
				EB029D541A1CF81400370462 /* fresa-01.jpg */,
				EB029D551A1CF81400370462 /* frijoles-01.jpg */,
				EB029D561A1CF81400370462 /* galletas-01.jpg */,
				EB029D571A1CF81400370462 /* harina-01.jpg */,
				EB029D581A1CF81400370462 /* jamon-01.jpg */,
				EB029D591A1CF81400370462 /* jitomate-01.jpg */,
				EB029D5A1A1CF81400370462 /* jugo-01.jpg */,
				EB029D5B1A1CF81400370462 /* Limon.png */,
				EB029D5C1A1CF81400370462 /* Mandarina.png */,
				EB029D5D1A1CF81400370462 /* mantequilla-01.jpg */,
				EB029D5E1A1CF81400370462 /* manzana-01.jpg */,
				EB029D5F1A1CF81400370462 /* mayonesa-01.jpg */,
				EB029D601A1CF81400370462 /* miel-01.jpg */,
				EB029D611A1CF81400370462 /* mostaza-01.jpg */,
				EB029D621A1CF81400370462 /* pan-01.jpg */,
				EB029D631A1CF81400370462 /* Pera.png */,
				EB029D641A1CF81400370462 /* platano-01.jpg */,
				EB029D651A1CF81400370462 /* pollo-01.jpg */,
				EB029D661A1CF81400370462 /* Sal-01.jpg */,
				EB029D671A1CF81400370462 /* salsa-01.jpg */,
				EB029D681A1CF81400370462 /* semillas-01.jpg */,
				EB029D691A1CF81400370462 /* servilletas-01.jpg */,
				EB029D6A1A1CF81400370462 /* te-01.jpg */,
				EB029D6B1A1CF81400370462 /* Toronja.png */,
				EB029D6C1A1CF81400370462 /* tortillas-01.jpg */,
				EB029D6D1A1CF81400370462 /* yogurt-01.jpg */,
				EB029D6E1A1CF81400370462 /* zanahoria-01.jpg */,
			);
			path = Cocina;
			sourceTree = "<group>";
		};
		EB029D6F1A1CF81400370462 /* Higiene personal */ = {
			isa = PBXGroup;
			children = (
				EB029D701A1CF81400370462 /* Desmaquillante.png */,
			);
			path = "Higiene personal";
			sourceTree = "<group>";
		};
		EB029D711A1CF81400370462 /* imagenesSecciones */ = {
			isa = PBXGroup;
			children = (
				EB029D721A1CF81400370462 /* Deportes.png */,
				EB029D731A1CF81400370462 /* Negocio.png */,
			);
			path = imagenesSecciones;
			sourceTree = "<group>";
		};
		EB400E751A0B0B91003F5C7D = {
			isa = PBXGroup;
			children = (
				EB029DA71A1CF88000370462 /* imagenesCategorias */,
				EB029D3B1A1CF7D300370462 /* imagenesProductos */,
				EB029D3C1A1CF7D300370462 /* imagenesSecciones */,
				EB400E801A0B0B91003F5C7D /* AppNegocios */,
				EB400E9D1A0B0B91003F5C7D /* AppNegociosTests */,
				EB400E7F1A0B0B91003F5C7D /* Products */,
			);
			sourceTree = "<group>";
		};
		EB400E7F1A0B0B91003F5C7D /* Products */ = {
			isa = PBXGroup;
			children = (
				EB400E7E1A0B0B91003F5C7D /* AppNegocios.app */,
				EB400E9A1A0B0B91003F5C7D /* AppNegociosTests.xctest */,
			);
			name = Products;
			sourceTree = "<group>";
		};
		EB400E801A0B0B91003F5C7D /* AppNegocios */ = {
			isa = PBXGroup;
			children = (
				EB029D401A1CF81400370462 /* imagenesCategoria */,
				EB029D431A1CF81400370462 /* imagenesProductos */,
				EB029D711A1CF81400370462 /* imagenesSecciones */,
				EB8F1BE21A1468F5008DACB7 /* imagenesUsuarios */,
				EB400E851A0B0B91003F5C7D /* AppDelegate.h */,
				EB400E861A0B0B91003F5C7D /* AppDelegate.m */,
				EB400E8E1A0B0B91003F5C7D /* Main.storyboard */,
				EB8F1BD51A145427008DACB7 /* Image Picker */,
				EB7DEE0B1A0BE15F000EDF4E /* Controllers */,
				EB400E911A0B0B91003F5C7D /* Images.xcassets */,
				EB400E931A0B0B91003F5C7D /* LaunchScreen.xib */,
				EB7DEE0A1A0BE155000EDF4E /* Model */,
				EB400E811A0B0B91003F5C7D /* Supporting Files */,
			);
			path = AppNegocios;
			sourceTree = "<group>";
		};
		EB400E811A0B0B91003F5C7D /* Supporting Files */ = {
			isa = PBXGroup;
			children = (
				EB400E821A0B0B91003F5C7D /* Info.plist */,
				EB400E831A0B0B91003F5C7D /* main.m */,
			);
			name = "Supporting Files";
			sourceTree = "<group>";
		};
		EB400E9D1A0B0B91003F5C7D /* AppNegociosTests */ = {
			isa = PBXGroup;
			children = (
				EB400EA01A0B0B91003F5C7D /* AppNegociosTests.m */,
				EB400E9E1A0B0B91003F5C7D /* Supporting Files */,
			);
			path = AppNegociosTests;
			sourceTree = "<group>";
		};
		EB400E9E1A0B0B91003F5C7D /* Supporting Files */ = {
			isa = PBXGroup;
			children = (
				EB400E9F1A0B0B91003F5C7D /* Info.plist */,
			);
			name = "Supporting Files";
			sourceTree = "<group>";
		};
		EB7DEE071A0BE0F9000EDF4E /* Crear Controllers */ = {
			isa = PBXGroup;
			children = (
				EB400EB61A0B1959003F5C7D /* CreateUserViewController.h */,
				EB400EB71A0B1959003F5C7D /* CreateUserViewController.m */,
				EB400EBF1A0B34DD003F5C7D /* CrearCategoriaViewController.h */,
				EB400EC01A0B34DD003F5C7D /* CrearCategoriaViewController.m */,
				EB7DEE0C1A0BE1A6000EDF4E /* CreateProductViewController.h */,
				EB7DEE0D1A0BE1A6000EDF4E /* CreateProductViewController.m */,
			);
			name = "Crear Controllers";
			sourceTree = "<group>";
		};
		EB7DEE081A0BE116000EDF4E /* Asignar Controllers */ = {
			isa = PBXGroup;
			children = (
				EB7DEE121A0BE34B000EDF4E /* AddProductTableViewController.h */,
				EB7DEE131A0BE34B000EDF4E /* AddProductTableViewController.m */,
				EB400EBC1A0B3182003F5C7D /* AddCategoriesTableViewController.h */,
				EB400EBD1A0B3182003F5C7D /* AddCategoriesTableViewController.m */,
			);
			name = "Asignar Controllers";
			sourceTree = "<group>";
		};
		EB7DEE091A0BE128000EDF4E /* Consultar Controllers */ = {
			isa = PBXGroup;
			children = (
				EB400EB31A0B12B1003F5C7D /* UsuariosTableViewController.h */,
				EB400EB41A0B12B1003F5C7D /* UsuariosTableViewController.m */,
				EB400EB91A0B29EB003F5C7D /* CategoriesTableViewController.h */,
				EB400EBA1A0B29EB003F5C7D /* CategoriesTableViewController.m */,
				EB0CBC531A0C10C70037F86A /* ProductosTableViewController.h */,
				EB0CBC541A0C10C70037F86A /* ProductosTableViewController.m */,
			);
			name = "Consultar Controllers";
			sourceTree = "<group>";
		};
		EB7DEE0A1A0BE155000EDF4E /* Model */ = {
			isa = PBXGroup;
			children = (
				EB400E881A0B0B91003F5C7D /* AppNegocios.xcdatamodeld */,
				EB8F1BDF1A145F2B008DACB7 /* Producto.h */,
				EB8F1BE01A145F2B008DACB7 /* Producto.m */,
				EB8F1BDC1A145F2B008DACB7 /* Categoria.h */,
				EB8F1BDD1A145F2B008DACB7 /* Categoria.m */,
				EB8F1BD91A145F2B008DACB7 /* Usuario.h */,
				EB8F1BDA1A145F2B008DACB7 /* Usuario.m */,
			);
			name = Model;
			sourceTree = "<group>";
		};
		EB7DEE0B1A0BE15F000EDF4E /* Controllers */ = {
			isa = PBXGroup;
			children = (
				EBCA1F5C1A0D8E2600AFBE0B /* Collection View Controllers */,
				EBCA1F5B1A0D8E0B00AFBE0B /* Table View Controllers */,
			);
			name = Controllers;
			sourceTree = "<group>";
		};
		EB8F1BD51A145427008DACB7 /* Image Picker */ = {
			isa = PBXGroup;
			children = (
				EB8F1BD21A145410008DACB7 /* ImagePickerCollectionViewController.h */,
				EB8F1BD31A145410008DACB7 /* ImagePickerCollectionViewController.m */,
				EB8F1BD61A145473008DACB7 /* ImageCollectionViewCell.h */,
				EB8F1BD71A145473008DACB7 /* ImageCollectionViewCell.m */,
			);
			name = "Image Picker";
			sourceTree = "<group>";
		};
		EB8F1BE21A1468F5008DACB7 /* imagenesUsuarios */ = {
			isa = PBXGroup;
			children = (
				EBC61E961A156C5C007E683F /* header_cocina.png */,
				EBC61E801A156264007E683F /* cubiertos_fondo.png */,
				EBD3CE3F1A1550A2006E9849 /* casita_fondo.png */,
				EBC7DD4C1A1543FC00150A23 /* florecitas.png */,
				EBC7DD4A1A15438F00150A23 /* cuadro.png */,
				EBC7DD481A153F0E00150A23 /* stuff_DOS-01.png */,
			);
			name = imagenesUsuarios;
			sourceTree = "<group>";
		};
		EBCA1F5B1A0D8E0B00AFBE0B /* Table View Controllers */ = {
			isa = PBXGroup;
			children = (
				EB7DEE071A0BE0F9000EDF4E /* Crear Controllers */,
				EB7DEE081A0BE116000EDF4E /* Asignar Controllers */,
				EB7DEE091A0BE128000EDF4E /* Consultar Controllers */,
			);
			name = "Table View Controllers";
			sourceTree = "<group>";
		};
		EBCA1F5C1A0D8E2600AFBE0B /* Collection View Controllers */ = {
			isa = PBXGroup;
			children = (
				EBCA1F5E1A0D8EB800AFBE0B /* Consultar Controllers */,
			);
			name = "Collection View Controllers";
			sourceTree = "<group>";
		};
		EBCA1F5D1A0D8E8100AFBE0B /* Consultar Usuarios */ = {
			isa = PBXGroup;
			children = (
				EBCA1F551A0D7E3A00AFBE0B /* UsuariosCollectionViewController.h */,
				EBCA1F561A0D7E3A00AFBE0B /* UsuariosCollectionViewController.m */,
				EBCA1F581A0D818D00AFBE0B /* UsuariosCollectionViewCell.h */,
				EBCA1F591A0D818D00AFBE0B /* UsuariosCollectionViewCell.m */,
			);
			name = "Consultar Usuarios";
			sourceTree = "<group>";
		};
		EBCA1F5E1A0D8EB800AFBE0B /* Consultar Controllers */ = {
			isa = PBXGroup;
			children = (
				EBD1089B1A12894200B37F0F /* Consultar Lista Usuario */,
				EBCA1F661A0D9B1A00AFBE0B /* Consultar Productos */,
				EBCA1F5F1A0D911D00AFBE0B /* Consultar Categorias */,
				EBCA1F5D1A0D8E8100AFBE0B /* Consultar Usuarios */,
			);
			name = "Consultar Controllers";
			sourceTree = "<group>";
		};
		EBCA1F5F1A0D911D00AFBE0B /* Consultar Categorias */ = {
			isa = PBXGroup;
			children = (
				EBCA1F601A0D913500AFBE0B /* CategoriasCollectionViewController.h */,
				EBCA1F611A0D913500AFBE0B /* CategoriasCollectionViewController.m */,
			);
			name = "Consultar Categorias";
			sourceTree = "<group>";
		};
		EBCA1F661A0D9B1A00AFBE0B /* Consultar Productos */ = {
			isa = PBXGroup;
			children = (
				EBCA1F671A0D9B3200AFBE0B /* ProductosCollectionViewController.h */,
				EBCA1F681A0D9B3200AFBE0B /* ProductosCollectionViewController.m */,
			);
			name = "Consultar Productos";
			sourceTree = "<group>";
		};
		EBD1089B1A12894200B37F0F /* Consultar Lista Usuario */ = {
			isa = PBXGroup;
			children = (
				EBD1089C1A1289A800B37F0F /* ConsultarListaUsuarioCollectionViewController.h */,
				EBD1089D1A1289A800B37F0F /* ConsultarListaUsuarioCollectionViewController.m */,
				EBD108A11A128FEC00B37F0F /* HeaderViewCollectionReusableView.h */,
				EBD108A21A128FEC00B37F0F /* HeaderViewCollectionReusableView.m */,
			);
			name = "Consultar Lista Usuario";
			sourceTree = "<group>";
		};
/* End PBXGroup section */

/* Begin PBXNativeTarget section */
		EB400E7D1A0B0B91003F5C7D /* AppNegocios */ = {
			isa = PBXNativeTarget;
			buildConfigurationList = EB400EA41A0B0B91003F5C7D /* Build configuration list for PBXNativeTarget "AppNegocios" */;
			buildPhases = (
				EB400E7A1A0B0B91003F5C7D /* Sources */,
				EB400E7B1A0B0B91003F5C7D /* Frameworks */,
				EB400E7C1A0B0B91003F5C7D /* Resources */,
			);
			buildRules = (
			);
			dependencies = (
			);
			name = AppNegocios;
			productName = AppNegocios;
			productReference = EB400E7E1A0B0B91003F5C7D /* AppNegocios.app */;
			productType = "com.apple.product-type.application";
		};
		EB400E991A0B0B91003F5C7D /* AppNegociosTests */ = {
			isa = PBXNativeTarget;
			buildConfigurationList = EB400EA71A0B0B91003F5C7D /* Build configuration list for PBXNativeTarget "AppNegociosTests" */;
			buildPhases = (
				EB400E961A0B0B91003F5C7D /* Sources */,
				EB400E971A0B0B91003F5C7D /* Frameworks */,
				EB400E981A0B0B91003F5C7D /* Resources */,
			);
			buildRules = (
			);
			dependencies = (
				EB400E9C1A0B0B91003F5C7D /* PBXTargetDependency */,
			);
			name = AppNegociosTests;
			productName = AppNegociosTests;
			productReference = EB400E9A1A0B0B91003F5C7D /* AppNegociosTests.xctest */;
			productType = "com.apple.product-type.bundle.unit-test";
		};
/* End PBXNativeTarget section */

/* Begin PBXProject section */
		EB400E761A0B0B91003F5C7D /* Project object */ = {
			isa = PBXProject;
			attributes = {
				LastUpgradeCheck = 0610;
				ORGANIZATIONNAME = "Pedro Contreras Nava";
				TargetAttributes = {
					EB400E7D1A0B0B91003F5C7D = {
						CreatedOnToolsVersion = 6.1;
					};
					EB400E991A0B0B91003F5C7D = {
						CreatedOnToolsVersion = 6.1;
						TestTargetID = EB400E7D1A0B0B91003F5C7D;
					};
				};
			};
			buildConfigurationList = EB400E791A0B0B91003F5C7D /* Build configuration list for PBXProject "AppNegocios" */;
			compatibilityVersion = "Xcode 3.2";
			developmentRegion = English;
			hasScannedForEncodings = 0;
			knownRegions = (
				en,
				Base,
			);
			mainGroup = EB400E751A0B0B91003F5C7D;
			productRefGroup = EB400E7F1A0B0B91003F5C7D /* Products */;
			projectDirPath = "";
			projectRoot = "";
			targets = (
				EB400E7D1A0B0B91003F5C7D /* AppNegocios */,
				EB400E991A0B0B91003F5C7D /* AppNegociosTests */,
			);
		};
/* End PBXProject section */

/* Begin PBXResourcesBuildPhase section */
		EB400E7C1A0B0B91003F5C7D /* Resources */ = {
			isa = PBXResourcesBuildPhase;
			buildActionMask = 2147483647;
			files = (
				EBC7DD4D1A1543FC00150A23 /* florecitas.png in Resources */,
				EB029D8E1A1CF81400370462 /* manzana-01.jpg in Resources */,
				EB029D861A1CF81400370462 /* galletas-01.jpg in Resources */,
				EB029D851A1CF81400370462 /* frijoles-01.jpg in Resources */,
				EB029D741A1CF81400370462 /* Categoría_Baño-02.png in Resources */,
				EB029D821A1CF81400370462 /* cereal-01.jpg in Resources */,
				EB400E901A0B0B91003F5C7D /* Main.storyboard in Resources */,
				EB029D811A1CF81400370462 /* catsup-01.jpg in Resources */,
				EB029D8F1A1CF81400370462 /* mayonesa-01.jpg in Resources */,
				EB029D761A1CF81400370462 /* aromatizante-01.jpg in Resources */,
				EB029D951A1CF81400370462 /* pollo-01.jpg in Resources */,
				EB029D7E1A1CF81400370462 /* Apio.png in Resources */,
				EB029D911A1CF81400370462 /* mostaza-01.jpg in Resources */,
				EB029D9F1A1CF81400370462 /* Desmaquillante.png in Resources */,
				EB029D791A1CF81400370462 /* aceite-01.jpg in Resources */,
				EB029D991A1CF81400370462 /* servilletas-01.jpg in Resources */,
				EBC61E971A156C5C007E683F /* header_cocina.png in Resources */,
				EBC7DD4B1A15438F00150A23 /* cuadro.png in Resources */,
				EB029D8A1A1CF81400370462 /* jugo-01.jpg in Resources */,
				EB029D801A1CF81400370462 /* azucar-01.jpg in Resources */,
				EB029D881A1CF81400370462 /* jamon-01.jpg in Resources */,
				EB400E951A0B0B91003F5C7D /* LaunchScreen.xib in Resources */,
				EB400E921A0B0B91003F5C7D /* Images.xcassets in Resources */,
				EB029D891A1CF81400370462 /* jitomate-01.jpg in Resources */,
				EB029D831A1CF81400370462 /* dulces-01.jpg in Resources */,
				EB029D7B1A1CF81400370462 /* agua-01.jpg in Resources */,
				EB029D751A1CF81400370462 /* Categoría_Higiene personal-02.png in Resources */,
				EB029DA11A1CF81400370462 /* Negocio.png in Resources */,
				EBD3CE401A1550A2006E9849 /* casita_fondo.png in Resources */,
				EB029D961A1CF81400370462 /* Sal-01.jpg in Resources */,
				EBC61E811A156264007E683F /* cubiertos_fondo.png in Resources */,
				EB029D7F1A1CF81400370462 /* arroz-01.jpg in Resources */,
				EB029D7A1A1CF81400370462 /* aderezos-01.jpg in Resources */,
				EB029DA81A1CF88000370462 /* imagenesCategorias in Resources */,
				EB029D7C1A1CF81400370462 /* Aguacate.png in Resources */,
				EB029D981A1CF81400370462 /* semillas-01.jpg in Resources */,
				EB029D8B1A1CF81400370462 /* Limon.png in Resources */,
				EB029D901A1CF81400370462 /* miel-01.jpg in Resources */,
				EB029D921A1CF81400370462 /* pan-01.jpg in Resources */,
				EB029D841A1CF81400370462 /* fresa-01.jpg in Resources */,
				EB029D9E1A1CF81400370462 /* zanahoria-01.jpg in Resources */,
				EB029D3E1A1CF7D300370462 /* imagenesProductos in Resources */,
				EB029D8D1A1CF81400370462 /* mantequilla-01.jpg in Resources */,
				EB029D3F1A1CF7D300370462 /* imagenesSecciones in Resources */,
				EB029D771A1CF81400370462 /* limpiador-01.jpg in Resources */,
				EB029D9C1A1CF81400370462 /* tortillas-01.jpg in Resources */,
				EB029D8C1A1CF81400370462 /* Mandarina.png in Resources */,
				EB029D9B1A1CF81400370462 /* Toronja.png in Resources */,
				EB029D931A1CF81400370462 /* Pera.png in Resources */,
				EB029D9A1A1CF81400370462 /* te-01.jpg in Resources */,
				EB029DA01A1CF81400370462 /* Deportes.png in Resources */,
				EB029D781A1CF81400370462 /* pañuelos-01.jpg in Resources */,
				EB029D871A1CF81400370462 /* harina-01.jpg in Resources */,
				EB029D7D1A1CF81400370462 /* Ajo.png in Resources */,
				EB029D9D1A1CF81400370462 /* yogurt-01.jpg in Resources */,
				EB029D971A1CF81400370462 /* salsa-01.jpg in Resources */,
				EB029D941A1CF81400370462 /* platano-01.jpg in Resources */,
				EBC7DD491A153F0E00150A23 /* stuff_DOS-01.png in Resources */,
			);
			runOnlyForDeploymentPostprocessing = 0;
		};
		EB400E981A0B0B91003F5C7D /* Resources */ = {
			isa = PBXResourcesBuildPhase;
			buildActionMask = 2147483647;
			files = (
			);
			runOnlyForDeploymentPostprocessing = 0;
		};
/* End PBXResourcesBuildPhase section */

/* Begin PBXSourcesBuildPhase section */
		EB400E7A1A0B0B91003F5C7D /* Sources */ = {
			isa = PBXSourcesBuildPhase;
			buildActionMask = 2147483647;
			files = (
				EB8F1BDB1A145F2B008DACB7 /* Usuario.m in Sources */,
				EB400EC11A0B34DD003F5C7D /* CrearCategoriaViewController.m in Sources */,
				EB400E871A0B0B91003F5C7D /* AppDelegate.m in Sources */,
				EB0CBC551A0C10C70037F86A /* ProductosTableViewController.m in Sources */,
				EB400EB51A0B12B1003F5C7D /* UsuariosTableViewController.m in Sources */,
				EB7DEE0E1A0BE1A6000EDF4E /* CreateProductViewController.m in Sources */,
				EBCA1F691A0D9B3200AFBE0B /* ProductosCollectionViewController.m in Sources */,
				EB400EB81A0B1959003F5C7D /* CreateUserViewController.m in Sources */,
				EBD108A31A128FEC00B37F0F /* HeaderViewCollectionReusableView.m in Sources */,
				EB8F1BD81A145473008DACB7 /* ImageCollectionViewCell.m in Sources */,
				EB400E8A1A0B0B91003F5C7D /* AppNegocios.xcdatamodeld in Sources */,
				EB8F1BE11A145F2B008DACB7 /* Producto.m in Sources */,
				EBCA1F621A0D913500AFBE0B /* CategoriasCollectionViewController.m in Sources */,
				EB8F1BDE1A145F2B008DACB7 /* Categoria.m in Sources */,
				EB400E841A0B0B91003F5C7D /* main.m in Sources */,
				EB8F1BD41A145410008DACB7 /* ImagePickerCollectionViewController.m in Sources */,
				EBCA1F571A0D7E3A00AFBE0B /* UsuariosCollectionViewController.m in Sources */,
				EB400EBE1A0B3182003F5C7D /* AddCategoriesTableViewController.m in Sources */,
				EBD1089E1A1289A800B37F0F /* ConsultarListaUsuarioCollectionViewController.m in Sources */,
				EB7DEE141A0BE34B000EDF4E /* AddProductTableViewController.m in Sources */,
				EBCA1F5A1A0D818D00AFBE0B /* UsuariosCollectionViewCell.m in Sources */,
				EB400EBB1A0B29EB003F5C7D /* CategoriesTableViewController.m in Sources */,
			);
			runOnlyForDeploymentPostprocessing = 0;
		};
		EB400E961A0B0B91003F5C7D /* Sources */ = {
			isa = PBXSourcesBuildPhase;
			buildActionMask = 2147483647;
			files = (
				EB400EA11A0B0B91003F5C7D /* AppNegociosTests.m in Sources */,
			);
			runOnlyForDeploymentPostprocessing = 0;
		};
/* End PBXSourcesBuildPhase section */

/* Begin PBXTargetDependency section */
		EB400E9C1A0B0B91003F5C7D /* PBXTargetDependency */ = {
			isa = PBXTargetDependency;
			target = EB400E7D1A0B0B91003F5C7D /* AppNegocios */;
			targetProxy = EB400E9B1A0B0B91003F5C7D /* PBXContainerItemProxy */;
		};
/* End PBXTargetDependency section */

/* Begin PBXVariantGroup section */
		EB400E8E1A0B0B91003F5C7D /* Main.storyboard */ = {
			isa = PBXVariantGroup;
			children = (
				EB400E8F1A0B0B91003F5C7D /* Base */,
			);
			name = Main.storyboard;
			sourceTree = "<group>";
		};
		EB400E931A0B0B91003F5C7D /* LaunchScreen.xib */ = {
			isa = PBXVariantGroup;
			children = (
				EB400E941A0B0B91003F5C7D /* Base */,
			);
			name = LaunchScreen.xib;
			sourceTree = "<group>";
		};
/* End PBXVariantGroup section */

/* Begin XCBuildConfiguration section */
		EB400EA21A0B0B91003F5C7D /* Debug */ = {
			isa = XCBuildConfiguration;
			buildSettings = {
				ALWAYS_SEARCH_USER_PATHS = NO;
				CLANG_CXX_LANGUAGE_STANDARD = "gnu++0x";
				CLANG_CXX_LIBRARY = "libc++";
				CLANG_ENABLE_MODULES = YES;
				CLANG_ENABLE_OBJC_ARC = YES;
				CLANG_WARN_BOOL_CONVERSION = YES;
				CLANG_WARN_CONSTANT_CONVERSION = YES;
				CLANG_WARN_DIRECT_OBJC_ISA_USAGE = YES_ERROR;
				CLANG_WARN_EMPTY_BODY = YES;
				CLANG_WARN_ENUM_CONVERSION = YES;
				CLANG_WARN_INT_CONVERSION = YES;
				CLANG_WARN_OBJC_ROOT_CLASS = YES_ERROR;
				CLANG_WARN_UNREACHABLE_CODE = YES;
				CLANG_WARN__DUPLICATE_METHOD_MATCH = YES;
				CODE_SIGN_IDENTITY = "iPhone Developer: Francisco Pedro Contreras Nava (R8AW8N75Y4)";
				"CODE_SIGN_IDENTITY[sdk=iphoneos*]" = "iPhone Developer";
				COPY_PHASE_STRIP = NO;
				ENABLE_STRICT_OBJC_MSGSEND = YES;
				GCC_C_LANGUAGE_STANDARD = gnu99;
				GCC_DYNAMIC_NO_PIC = NO;
				GCC_OPTIMIZATION_LEVEL = 0;
				GCC_PREPROCESSOR_DEFINITIONS = (
					"DEBUG=1",
					"$(inherited)",
				);
				GCC_SYMBOLS_PRIVATE_EXTERN = NO;
				GCC_WARN_64_TO_32_BIT_CONVERSION = YES;
				GCC_WARN_ABOUT_RETURN_TYPE = YES_ERROR;
				GCC_WARN_UNDECLARED_SELECTOR = YES;
				GCC_WARN_UNINITIALIZED_AUTOS = YES_AGGRESSIVE;
				GCC_WARN_UNUSED_FUNCTION = YES;
				GCC_WARN_UNUSED_VARIABLE = YES;
				IPHONEOS_DEPLOYMENT_TARGET = 8.1;
				MTL_ENABLE_DEBUG_INFO = YES;
				ONLY_ACTIVE_ARCH = YES;
				SDKROOT = iphoneos;
			};
			name = Debug;
		};
		EB400EA31A0B0B91003F5C7D /* Release */ = {
			isa = XCBuildConfiguration;
			buildSettings = {
				ALWAYS_SEARCH_USER_PATHS = NO;
				CLANG_CXX_LANGUAGE_STANDARD = "gnu++0x";
				CLANG_CXX_LIBRARY = "libc++";
				CLANG_ENABLE_MODULES = YES;
				CLANG_ENABLE_OBJC_ARC = YES;
				CLANG_WARN_BOOL_CONVERSION = YES;
				CLANG_WARN_CONSTANT_CONVERSION = YES;
				CLANG_WARN_DIRECT_OBJC_ISA_USAGE = YES_ERROR;
				CLANG_WARN_EMPTY_BODY = YES;
				CLANG_WARN_ENUM_CONVERSION = YES;
				CLANG_WARN_INT_CONVERSION = YES;
				CLANG_WARN_OBJC_ROOT_CLASS = YES_ERROR;
				CLANG_WARN_UNREACHABLE_CODE = YES;
				CLANG_WARN__DUPLICATE_METHOD_MATCH = YES;
				CODE_SIGN_IDENTITY = "iPhone Developer: Francisco Pedro Contreras Nava (R8AW8N75Y4)";
				"CODE_SIGN_IDENTITY[sdk=iphoneos*]" = "iPhone Developer";
				COPY_PHASE_STRIP = YES;
				ENABLE_NS_ASSERTIONS = NO;
				ENABLE_STRICT_OBJC_MSGSEND = YES;
				GCC_C_LANGUAGE_STANDARD = gnu99;
				GCC_WARN_64_TO_32_BIT_CONVERSION = YES;
				GCC_WARN_ABOUT_RETURN_TYPE = YES_ERROR;
				GCC_WARN_UNDECLARED_SELECTOR = YES;
				GCC_WARN_UNINITIALIZED_AUTOS = YES_AGGRESSIVE;
				GCC_WARN_UNUSED_FUNCTION = YES;
				GCC_WARN_UNUSED_VARIABLE = YES;
				IPHONEOS_DEPLOYMENT_TARGET = 8.1;
				MTL_ENABLE_DEBUG_INFO = NO;
				SDKROOT = iphoneos;
				VALIDATE_PRODUCT = YES;
			};
			name = Release;
		};
		EB400EA51A0B0B91003F5C7D /* Debug */ = {
			isa = XCBuildConfiguration;
			buildSettings = {
				ASSETCATALOG_COMPILER_APPICON_NAME = AppIcon;
				INFOPLIST_FILE = AppNegocios/Info.plist;
				IPHONEOS_DEPLOYMENT_TARGET = 8.0;
				LD_RUNPATH_SEARCH_PATHS = "$(inherited) @executable_path/Frameworks";
				PRODUCT_NAME = "$(TARGET_NAME)";
			};
			name = Debug;
		};
		EB400EA61A0B0B91003F5C7D /* Release */ = {
			isa = XCBuildConfiguration;
			buildSettings = {
				ASSETCATALOG_COMPILER_APPICON_NAME = AppIcon;
				INFOPLIST_FILE = AppNegocios/Info.plist;
				IPHONEOS_DEPLOYMENT_TARGET = 8.0;
				LD_RUNPATH_SEARCH_PATHS = "$(inherited) @executable_path/Frameworks";
				PRODUCT_NAME = "$(TARGET_NAME)";
			};
			name = Release;
		};
		EB400EA81A0B0B91003F5C7D /* Debug */ = {
			isa = XCBuildConfiguration;
			buildSettings = {
				BUNDLE_LOADER = "$(TEST_HOST)";
				FRAMEWORK_SEARCH_PATHS = (
					"$(SDKROOT)/Developer/Library/Frameworks",
					"$(inherited)",
				);
				GCC_PREPROCESSOR_DEFINITIONS = (
					"DEBUG=1",
					"$(inherited)",
				);
				INFOPLIST_FILE = AppNegociosTests/Info.plist;
				LD_RUNPATH_SEARCH_PATHS = "$(inherited) @executable_path/Frameworks @loader_path/Frameworks";
				PRODUCT_NAME = "$(TARGET_NAME)";
				TEST_HOST = "$(BUILT_PRODUCTS_DIR)/AppNegocios.app/AppNegocios";
			};
			name = Debug;
		};
		EB400EA91A0B0B91003F5C7D /* Release */ = {
			isa = XCBuildConfiguration;
			buildSettings = {
				BUNDLE_LOADER = "$(TEST_HOST)";
				FRAMEWORK_SEARCH_PATHS = (
					"$(SDKROOT)/Developer/Library/Frameworks",
					"$(inherited)",
				);
				INFOPLIST_FILE = AppNegociosTests/Info.plist;
				LD_RUNPATH_SEARCH_PATHS = "$(inherited) @executable_path/Frameworks @loader_path/Frameworks";
				PRODUCT_NAME = "$(TARGET_NAME)";
				TEST_HOST = "$(BUILT_PRODUCTS_DIR)/AppNegocios.app/AppNegocios";
			};
			name = Release;
		};
/* End XCBuildConfiguration section */

/* Begin XCConfigurationList section */
		EB400E791A0B0B91003F5C7D /* Build configuration list for PBXProject "AppNegocios" */ = {
			isa = XCConfigurationList;
			buildConfigurations = (
				EB400EA21A0B0B91003F5C7D /* Debug */,
				EB400EA31A0B0B91003F5C7D /* Release */,
			);
			defaultConfigurationIsVisible = 0;
			defaultConfigurationName = Release;
		};
		EB400EA41A0B0B91003F5C7D /* Build configuration list for PBXNativeTarget "AppNegocios" */ = {
			isa = XCConfigurationList;
			buildConfigurations = (
				EB400EA51A0B0B91003F5C7D /* Debug */,
				EB400EA61A0B0B91003F5C7D /* Release */,
			);
			defaultConfigurationIsVisible = 0;
			defaultConfigurationName = Release;
		};
		EB400EA71A0B0B91003F5C7D /* Build configuration list for PBXNativeTarget "AppNegociosTests" */ = {
			isa = XCConfigurationList;
			buildConfigurations = (
				EB400EA81A0B0B91003F5C7D /* Debug */,
				EB400EA91A0B0B91003F5C7D /* Release */,
			);
			defaultConfigurationIsVisible = 0;
			defaultConfigurationName = Release;
		};
/* End XCConfigurationList section */

/* Begin XCVersionGroup section */
		EB400E881A0B0B91003F5C7D /* AppNegocios.xcdatamodeld */ = {
			isa = XCVersionGroup;
			children = (
				EB8F1BD11A1452C5008DACB7 /* AppNegocios 3.xcdatamodel */,
				EBB25C0E1A0DC9E2003B62E1 /* AppNegocios 2.xcdatamodel */,
				EB400E891A0B0B91003F5C7D /* AppNegocios.xcdatamodel */,
			);
			currentVersion = EB8F1BD11A1452C5008DACB7 /* AppNegocios 3.xcdatamodel */;
			path = AppNegocios.xcdatamodeld;
			sourceTree = "<group>";
			versionGroupType = wrapper.xcdatamodel;
		};
/* End XCVersionGroup section */
	};
	rootObject = EB400E761A0B0B91003F5C7D /* Project object */;
}
